
Microsoft Visual Studio Solution File, Format Version 12.00
# Visual Studio Version 17
VisualStudioVersion = 17.9.34723.18
MinimumVisualStudioVersion = 10.0.40219.1
Project("{FAE04EC0-301F-11D3-BF4B-00C04F79EFBC}") = "runWebApp", "runWebApp\runWebApp.csproj", "{A596A8B5-9BF1-44C7-AD6D-94A2D74CDF47}"
EndProject
Global
	GlobalSection(SolutionConfigurationPlatforms) = preSolution
		Debug|Any CPU = Debug|Any CPU
		Release|Any CPU = Release|Any CPU
	EndGlobalSection
	GlobalSection(ProjectConfigurationPlatforms) = postSolution
		{A596A8B5-9BF1-44C7-AD6D-94A2D74CDF47}.Debug|Any CPU.ActiveCfg = Debug|Any CPU
		{A596A8B5-9BF1-44C7-AD6D-94A2D74CDF47}.Debug|Any CPU.Build.0 = Debug|Any CPU
		{A596A8B5-9BF1-44C7-AD6D-94A2D74CDF47}.Release|Any CPU.ActiveCfg = Release|Any CPU
		{A596A8B5-9BF1-44C7-AD6D-94A2D74CDF47}.Release|Any CPU.Build.0 = Release|Any CPU
	EndGlobalSection
	GlobalSection(SolutionProperties) = preSolution
		HideSolutionNode = FALSE
	EndGlobalSection
	GlobalSection(ExtensibilityGlobals) = postSolution
		SolutionGuid = {F6B29371-AAB8-4F47-A8FD-7E96DEDAA208}
	EndGlobalSection
EndGlobal
